{
  "lockfile-version": 1,
  "manifest": {
    "version": 1,
    "install": {
      "python3": {
        "pkg-path": "python3"
      },
      "uv": {
        "pkg-path": "uv"
      }
    },
    "hook": {
      "on-activate": "  # Autogenerated by Flox\n\n  # Setup a Python virtual environment\n\n  export PYTHON_DIR=\"$FLOX_ENV_CACHE/python\"\n  if [ ! -d \"$PYTHON_DIR\" ]; then\n    echo \"Creating python virtual environment in $PYTHON_DIR\"\n    python -m venv \"$PYTHON_DIR\"\n  fi\n\n  # Quietly activate venv and install packages in a subshell so\n  # that the venv can be freshly activated in the profile section.\n  (\n    source \"$PYTHON_DIR/bin/activate\"\n    pip install -r \"$FLOX_ENV_PROJECT/requirements.txt\" --quiet\n  )\n\n  # End autogenerated by Flox\n"
    },
    "profile": {
      "bash": "  # Autogenerated by Flox\n\n  echo \"Activating python virtual environment\" >&2\n  source \"$PYTHON_DIR/bin/activate\"\n\n  # End autogenerated by Flox\n",
      "zsh": "  # Autogenerated by Flox\n\n  echo \"Activating python virtual environment\" >&2\n  source \"$PYTHON_DIR/bin/activate\"\n\n  # End autogenerated by Flox\n",
      "fish": "  # Autogenerated by Flox\n\n  echo \"Activating python virtual environment\" >&2\n  source \"$PYTHON_DIR/bin/activate.fish\"\n\n  # End autogenerated by Flox",
      "tcsh": "  # Autogenerated by Flox\n\n  echo \"Activating python virtual environment\" >&2\n  source \"$PYTHON_DIR/bin/activate.csh\"\n\n  # End autogenerated by Flox"
    },
    "options": {
      "systems": [
        "aarch64-darwin",
        "aarch64-linux",
        "x86_64-darwin",
        "x86_64-linux"
      ],
      "allow": {
        "licenses": []
      },
      "semver": {}
    }
  },
  "packages": [
    {
      "attr_path": "python3",
      "broken": false,
      "derivation": "/nix/store/f7a6bc7vlvgxmfydy8xx3fmnk9qp0fms-python3-3.12.6.drv",
      "description": "High-level dynamically-typed programming language",
      "install_id": "python3",
      "license": "Python-2.0",
      "locked_url": "https://github.com/flox/nixpkgs?rev=2768c7d042a37de65bb1b5b3268fc987e534c49d",
      "name": "python3-3.12.6",
      "pname": "python3",
      "rev": "2768c7d042a37de65bb1b5b3268fc987e534c49d",
      "rev_count": 696158,
      "rev_date": "2024-10-23T06:41:50Z",
      "scrape_date": "2024-10-25T03:59:03Z",
      "stabilities": [
        "staging",
        "unstable"
      ],
      "unfree": false,
      "version": "3.12.6",
      "outputs_to_install": [
        "out"
      ],
      "outputs": {
        "out": "/nix/store/ybnf7k6i9p244bbhsbxizqk65z58cwyr-python3-3.12.6"
      },
      "system": "aarch64-darwin",
      "group": "toplevel",
      "priority": 5
    },
    {
      "attr_path": "python3",
      "broken": false,
      "derivation": "/nix/store/cx1qc63nnscylw8vndx3lj6hysfgkcqk-python3-3.12.6.drv",
      "description": "High-level dynamically-typed programming language",
      "install_id": "python3",
      "license": "Python-2.0",
      "locked_url": "https://github.com/flox/nixpkgs?rev=2768c7d042a37de65bb1b5b3268fc987e534c49d",
      "name": "python3-3.12.6",
      "pname": "python3",
      "rev": "2768c7d042a37de65bb1b5b3268fc987e534c49d",
      "rev_count": 696158,
      "rev_date": "2024-10-23T06:41:50Z",
      "scrape_date": "2024-10-25T03:59:03Z",
      "stabilities": [
        "staging",
        "unstable"
      ],
      "unfree": false,
      "version": "3.12.6",
      "outputs_to_install": [
        "out"
      ],
      "outputs": {
        "debug": "/nix/store/qk5wzj1q68jdvnzph5ckiir2wj87qygq-python3-3.12.6-debug",
        "out": "/nix/store/pv8p76ihrnqf81xan9qnv53ks84wmp07-python3-3.12.6"
      },
      "system": "aarch64-linux",
      "group": "toplevel",
      "priority": 5
    },
    {
      "attr_path": "python3",
      "broken": false,
      "derivation": "/nix/store/pdmlzrnkx9111mx45nam178ib99az0im-python3-3.12.6.drv",
      "description": "High-level dynamically-typed programming language",
      "install_id": "python3",
      "license": "Python-2.0",
      "locked_url": "https://github.com/flox/nixpkgs?rev=2768c7d042a37de65bb1b5b3268fc987e534c49d",
      "name": "python3-3.12.6",
      "pname": "python3",
      "rev": "2768c7d042a37de65bb1b5b3268fc987e534c49d",
      "rev_count": 696158,
      "rev_date": "2024-10-23T06:41:50Z",
      "scrape_date": "2024-10-25T03:59:03Z",
      "stabilities": [
        "staging",
        "unstable"
      ],
      "unfree": false,
      "version": "3.12.6",
      "outputs_to_install": [
        "out"
      ],
      "outputs": {
        "out": "/nix/store/d30gb7nm3bnd58a5c3gwnmxywzbls69v-python3-3.12.6"
      },
      "system": "x86_64-darwin",
      "group": "toplevel",
      "priority": 5
    },
    {
      "attr_path": "python3",
      "broken": false,
      "derivation": "/nix/store/h8xr5vr1s20gs8xhw4w8bxkw1gwpk4mp-python3-3.12.6.drv",
      "description": "High-level dynamically-typed programming language",
      "install_id": "python3",
      "license": "Python-2.0",
      "locked_url": "https://github.com/flox/nixpkgs?rev=2768c7d042a37de65bb1b5b3268fc987e534c49d",
      "name": "python3-3.12.6",
      "pname": "python3",
      "rev": "2768c7d042a37de65bb1b5b3268fc987e534c49d",
      "rev_count": 696158,
      "rev_date": "2024-10-23T06:41:50Z",
      "scrape_date": "2024-10-25T03:59:03Z",
      "stabilities": [
        "staging",
        "unstable"
      ],
      "unfree": false,
      "version": "3.12.6",
      "outputs_to_install": [
        "out"
      ],
      "outputs": {
        "debug": "/nix/store/wmg3whp163d4y3www9kfziwks1yn6k9i-python3-3.12.6-debug",
        "out": "/nix/store/wfbjq35kxs6x83c3ncpfxdyl5gbhdx4h-python3-3.12.6"
      },
      "system": "x86_64-linux",
      "group": "toplevel",
      "priority": 5
    },
    {
      "attr_path": "uv",
      "broken": false,
      "derivation": "/nix/store/xdga4xm0n97azz02hci5s5mr5rj3fp7q-uv-0.4.25.drv",
      "description": "Extremely fast Python package installer and resolver, written in Rust",
      "install_id": "uv",
      "license": "[ Apache-2.0, MIT ]",
      "locked_url": "https://github.com/flox/nixpkgs?rev=2768c7d042a37de65bb1b5b3268fc987e534c49d",
      "name": "uv-0.4.25",
      "pname": "uv",
      "rev": "2768c7d042a37de65bb1b5b3268fc987e534c49d",
      "rev_count": 696158,
      "rev_date": "2024-10-23T06:41:50Z",
      "scrape_date": "2024-10-25T03:59:03Z",
      "stabilities": [
        "staging",
        "unstable"
      ],
      "unfree": false,
      "version": "0.4.25",
      "outputs_to_install": [
        "out"
      ],
      "outputs": {
        "dist": "/nix/store/fibqi75v1kzrxdw41hx8pf7zv69gdip0-uv-0.4.25-dist",
        "out": "/nix/store/ap4i13adj6xarq0wpkn6jnp4s2xjlkci-uv-0.4.25"
      },
      "system": "aarch64-darwin",
      "group": "toplevel",
      "priority": 5
    },
    {
      "attr_path": "uv",
      "broken": false,
      "derivation": "/nix/store/9w3yi64gwi81qldrah5x5589zyjx0jc7-uv-0.4.25.drv",
      "description": "Extremely fast Python package installer and resolver, written in Rust",
      "install_id": "uv",
      "license": "[ Apache-2.0, MIT ]",
      "locked_url": "https://github.com/flox/nixpkgs?rev=2768c7d042a37de65bb1b5b3268fc987e534c49d",
      "name": "uv-0.4.25",
      "pname": "uv",
      "rev": "2768c7d042a37de65bb1b5b3268fc987e534c49d",
      "rev_count": 696158,
      "rev_date": "2024-10-23T06:41:50Z",
      "scrape_date": "2024-10-25T03:59:03Z",
      "stabilities": [
        "staging",
        "unstable"
      ],
      "unfree": false,
      "version": "0.4.25",
      "outputs_to_install": [
        "out"
      ],
      "outputs": {
        "dist": "/nix/store/qc7kr1k5navbpyla3lzgvlbnhi42xx8m-uv-0.4.25-dist",
        "out": "/nix/store/dzfwx7a4jcxa3wpqrb9h4qp2isshclrz-uv-0.4.25"
      },
      "system": "aarch64-linux",
      "group": "toplevel",
      "priority": 5
    },
    {
      "attr_path": "uv",
      "broken": false,
      "derivation": "/nix/store/3mbss8s98x4yypwgz8yvf4l2j45phfxy-uv-0.4.25.drv",
      "description": "Extremely fast Python package installer and resolver, written in Rust",
      "install_id": "uv",
      "license": "[ Apache-2.0, MIT ]",
      "locked_url": "https://github.com/flox/nixpkgs?rev=2768c7d042a37de65bb1b5b3268fc987e534c49d",
      "name": "uv-0.4.25",
      "pname": "uv",
      "rev": "2768c7d042a37de65bb1b5b3268fc987e534c49d",
      "rev_count": 696158,
      "rev_date": "2024-10-23T06:41:50Z",
      "scrape_date": "2024-10-25T03:59:03Z",
      "stabilities": [
        "staging",
        "unstable"
      ],
      "unfree": false,
      "version": "0.4.25",
      "outputs_to_install": [
        "out"
      ],
      "outputs": {
        "dist": "/nix/store/694prf055qb56pqzw9q8hq5yrs5j7g61-uv-0.4.25-dist",
        "out": "/nix/store/nd3ww7h6c082ad6kj7nq2cnpnxglay2h-uv-0.4.25"
      },
      "system": "x86_64-darwin",
      "group": "toplevel",
      "priority": 5
    },
    {
      "attr_path": "uv",
      "broken": false,
      "derivation": "/nix/store/gjs11vk5wmyixdzdbb0wvzkpa8dyfwmm-uv-0.4.25.drv",
      "description": "Extremely fast Python package installer and resolver, written in Rust",
      "install_id": "uv",
      "license": "[ Apache-2.0, MIT ]",
      "locked_url": "https://github.com/flox/nixpkgs?rev=2768c7d042a37de65bb1b5b3268fc987e534c49d",
      "name": "uv-0.4.25",
      "pname": "uv",
      "rev": "2768c7d042a37de65bb1b5b3268fc987e534c49d",
      "rev_count": 696158,
      "rev_date": "2024-10-23T06:41:50Z",
      "scrape_date": "2024-10-25T03:59:03Z",
      "stabilities": [
        "staging",
        "unstable"
      ],
      "unfree": false,
      "version": "0.4.25",
      "outputs_to_install": [
        "out"
      ],
      "outputs": {
        "dist": "/nix/store/31lk506f7zj9s9v6613rgnwn163b8nnx-uv-0.4.25-dist",
        "out": "/nix/store/s26pzv4dvc6vlkr7aazi58kvrm57k69n-uv-0.4.25"
      },
      "system": "x86_64-linux",
      "group": "toplevel",
      "priority": 5
    }
  ]
}